{
  "name": "jfss-parity-harness",
  "lockfileVersion": 3,
  "requires": true,
  "packages": {
    "": {
      "name": "jfss-parity-harness",
      "dependencies": {
        "@goplasmatic/datalogic-wasm": "5.2.0",
        "json-logic-js": "2.0.5"
      }
    },
    "node_modules/@goplasmatic/datalogic-wasm": {
      "version": "5.2.0",
      "resolved": "https://registry.npmjs.org/@goplasmatic/datalogic-wasm/-/datalogic-wasm-5.2.0.tgz",
      "integrity": "sha512-z9wXOcjCQ03+sG4ausatFBD+huJnLFF1l+HCozGtNqRvSGILUCyjs/TterLo9LQTS4UkMvkDd9PoHfIsha526g==",
      "license": "Apache-2.0",
      "engines": {
        "node": ">=16.0.0"
      }
    },
    "node_modules/json-logic-js": {
      "version": "2.0.5",
      "resolved": "https://registry.npmjs.org/json-logic-js/-/json-logic-js-2.0.5.tgz",
      "integrity": "sha512-rTT2+lqcuUmj4DgWfmzupZqQDA64AdmYqizzMPWj3DxGdfFNsxPpcNVSaTj4l8W2tG/+hg7/mQhxjU3aPacO6g==",
      "license": "MIT"
    }
  }
}
